
Microsoft Visual Studio Solution File, Format Version 12.00
# Visual Studio Version 16
VisualStudioVersion = 16.0.31005.135
MinimumVisualStudioVersion = 10.0.40219.1
Project("{FAE04EC0-301F-11D3-BF4B-00C04F79EFBC}") = "BatWings", "BatWings\BatWings.csproj", "{0AC33FE2-05D2-4130-9C7F-17AD9C9D9C9B}"
EndProject
Global
	GlobalSection(SolutionConfigurationPlatforms) = preSolution
		Debug|Any CPU = Debug|Any CPU
		Release|Any CPU = Release|Any CPU
	EndGlobalSection
	GlobalSection(ProjectConfigurationPlatforms) = postSolution
		{0AC33FE2-05D2-4130-9C7F-17AD9C9D9C9B}.Debug|Any CPU.ActiveCfg = Debug|Any CPU
		{0AC33FE2-05D2-4130-9C7F-17AD9C9D9C9B}.Debug|Any CPU.Build.0 = Debug|Any CPU
		{0AC33FE2-05D2-4130-9C7F-17AD9C9D9C9B}.Release|Any CPU.ActiveCfg = Release|Any CPU
		{0AC33FE2-05D2-4130-9C7F-17AD9C9D9C9B}.Release|Any CPU.Build.0 = Release|Any CPU
	EndGlobalSection
	GlobalSection(SolutionProperties) = preSolution
		HideSolutionNode = FALSE
	EndGlobalSection
	GlobalSection(ExtensibilityGlobals) = postSolution
		SolutionGuid = {DD5197AB-8588-44CC-AEB8-ECE054D73DAD}
	EndGlobalSection
EndGlobal
